
Microsoft Visual Studio Solution File, Format Version 12.00
# Visual Studio Version 17
VisualStudioVersion = 17.4.33122.133
MinimumVisualStudioVersion = 10.0.40219.1
Project("{FAE04EC0-301F-11D3-BF4B-00C04F79EFBC}") = "FacilityCloser", "FacilityCloser.csproj", "{12EACF16-ABB9-4420-9C4D-379F878236EB}"
EndProject
Global
	GlobalSection(SolutionConfigurationPlatforms) = preSolution
		Debug|Any CPU = Debug|Any CPU
		Release|Any CPU = Release|Any CPU
	EndGlobalSection
	GlobalSection(ProjectConfigurationPlatforms) = postSolution
		{12EACF16-ABB9-4420-9C4D-379F878236EB}.Debug|Any CPU.ActiveCfg = Debug|Any CPU
		{12EACF16-ABB9-4420-9C4D-379F878236EB}.Debug|Any CPU.Build.0 = Debug|Any CPU
		{12EACF16-ABB9-4420-9C4D-379F878236EB}.Release|Any CPU.ActiveCfg = Release|Any CPU
		{12EACF16-ABB9-4420-9C4D-379F878236EB}.Release|Any CPU.Build.0 = Release|Any CPU
	EndGlobalSection
	GlobalSection(SolutionProperties) = preSolution
		HideSolutionNode = FALSE
	EndGlobalSection
	GlobalSection(ExtensibilityGlobals) = postSolution
		SolutionGuid = {52A4819E-B868-41CB-8501-61D2DC2D36EC}
	EndGlobalSection
EndGlobal
